
Microsoft Visual Studio Solution File, Format Version 12.00
# Visual Studio 14
VisualStudioVersion = 14.0.22823.1
MinimumVisualStudioVersion = 10.0.40219.1
Project("{FAE04EC0-301F-11D3-BF4B-00C04F79EFBC}") = "LedCubeDriver", "LedCubeDriver\LedCubeDriver.csproj", "{B496F62E-F27F-4631-A941-E1F73915AE76}"
EndProject
Project("{FAE04EC0-301F-11D3-BF4B-00C04F79EFBC}") = "LedCubeAnimations", "LedCubeAnimations\LedCubeAnimations.csproj", "{BAFF9EEF-906E-4B96-A204-8783F2291662}"
	ProjectSection(ProjectDependencies) = postProject
		{B496F62E-F27F-4631-A941-E1F73915AE76} = {B496F62E-F27F-4631-A941-E1F73915AE76}
	EndProjectSection
EndProject
Global
	GlobalSection(SolutionConfigurationPlatforms) = preSolution
		Debug|Any CPU = Debug|Any CPU
		Debug|ARM = Debug|ARM
		Debug|x64 = Debug|x64
		Debug|x86 = Debug|x86
		Release|Any CPU = Release|Any CPU
		Release|ARM = Release|ARM
		Release|x64 = Release|x64
		Release|x86 = Release|x86
	EndGlobalSection
	GlobalSection(ProjectConfigurationPlatforms) = postSolution
		{B496F62E-F27F-4631-A941-E1F73915AE76}.Debug|Any CPU.ActiveCfg = Debug|Any CPU
		{B496F62E-F27F-4631-A941-E1F73915AE76}.Debug|Any CPU.Build.0 = Debug|Any CPU
		{B496F62E-F27F-4631-A941-E1F73915AE76}.Debug|ARM.ActiveCfg = Debug|ARM
		{B496F62E-F27F-4631-A941-E1F73915AE76}.Debug|ARM.Build.0 = Debug|ARM
		{B496F62E-F27F-4631-A941-E1F73915AE76}.Debug|x64.ActiveCfg = Debug|x64
		{B496F62E-F27F-4631-A941-E1F73915AE76}.Debug|x64.Build.0 = Debug|x64
		{B496F62E-F27F-4631-A941-E1F73915AE76}.Debug|x86.ActiveCfg = Debug|x86
		{B496F62E-F27F-4631-A941-E1F73915AE76}.Debug|x86.Build.0 = Debug|x86
		{B496F62E-F27F-4631-A941-E1F73915AE76}.Release|Any CPU.ActiveCfg = Release|Any CPU
		{B496F62E-F27F-4631-A941-E1F73915AE76}.Release|Any CPU.Build.0 = Release|Any CPU
		{B496F62E-F27F-4631-A941-E1F73915AE76}.Release|ARM.ActiveCfg = Release|ARM
		{B496F62E-F27F-4631-A941-E1F73915AE76}.Release|ARM.Build.0 = Release|ARM
		{B496F62E-F27F-4631-A941-E1F73915AE76}.Release|x64.ActiveCfg = Release|x64
		{B496F62E-F27F-4631-A941-E1F73915AE76}.Release|x64.Build.0 = Release|x64
		{B496F62E-F27F-4631-A941-E1F73915AE76}.Release|x86.ActiveCfg = Release|x86
		{B496F62E-F27F-4631-A941-E1F73915AE76}.Release|x86.Build.0 = Release|x86
		{BAFF9EEF-906E-4B96-A204-8783F2291662}.Debug|Any CPU.ActiveCfg = Debug|Any CPU
		{BAFF9EEF-906E-4B96-A204-8783F2291662}.Debug|Any CPU.Build.0 = Debug|Any CPU
		{BAFF9EEF-906E-4B96-A204-8783F2291662}.Debug|ARM.ActiveCfg = Debug|ARM
		{BAFF9EEF-906E-4B96-A204-8783F2291662}.Debug|ARM.Build.0 = Debug|ARM
		{BAFF9EEF-906E-4B96-A204-8783F2291662}.Debug|x64.ActiveCfg = Debug|x64
		{BAFF9EEF-906E-4B96-A204-8783F2291662}.Debug|x64.Build.0 = Debug|x64
		{BAFF9EEF-906E-4B96-A204-8783F2291662}.Debug|x86.ActiveCfg = Debug|x86
		{BAFF9EEF-906E-4B96-A204-8783F2291662}.Debug|x86.Build.0 = Debug|x86
		{BAFF9EEF-906E-4B96-A204-8783F2291662}.Release|Any CPU.ActiveCfg = Release|Any CPU
		{BAFF9EEF-906E-4B96-A204-8783F2291662}.Release|Any CPU.Build.0 = Release|Any CPU
		{BAFF9EEF-906E-4B96-A204-8783F2291662}.Release|ARM.ActiveCfg = Release|ARM
		{BAFF9EEF-906E-4B96-A204-8783F2291662}.Release|ARM.Build.0 = Release|ARM
		{BAFF9EEF-906E-4B96-A204-8783F2291662}.Release|x64.ActiveCfg = Release|x64
		{BAFF9EEF-906E-4B96-A204-8783F2291662}.Release|x64.Build.0 = Release|x64
		{BAFF9EEF-906E-4B96-A204-8783F2291662}.Release|x86.ActiveCfg = Release|x86
		{BAFF9EEF-906E-4B96-A204-8783F2291662}.Release|x86.Build.0 = Release|x86
	EndGlobalSection
	GlobalSection(SolutionProperties) = preSolution
		HideSolutionNode = FALSE
	EndGlobalSection
EndGlobal
