
Microsoft Visual Studio Solution File, Format Version 12.00
# Visual Studio 14
VisualStudioVersion = 14.0.22823.1
MinimumVisualStudioVersion = 10.0.40219.1
Project("{FAE04EC0-301F-11D3-BF4B-00C04F79EFBC}") = "LedCubeDaemon", "LedCubeDaemon\LedCubeDaemon.csproj", "{830C78F3-1B8C-49C8-B4A5-BF823E7703B6}"
EndProject
Project("{FAE04EC0-301F-11D3-BF4B-00C04F79EFBC}") = "LedCubeAnimations", "LedCubeAnimations\LedCubeAnimations.csproj", "{69285C33-383A-4425-859D-904C1C89FA08}"
EndProject
Project("{FAE04EC0-301F-11D3-BF4B-00C04F79EFBC}") = "LedCubeDriver", "LedCubeDriver\LedCubeDriver.csproj", "{89AC2DC9-289D-4ACA-B213-A3AAC804B11D}"
EndProject
Global
	GlobalSection(SolutionConfigurationPlatforms) = preSolution
		Debug|Any CPU = Debug|Any CPU
		Debug|ARM = Debug|ARM
		Debug|x64 = Debug|x64
		Debug|x86 = Debug|x86
		Release|Any CPU = Release|Any CPU
		Release|ARM = Release|ARM
		Release|x64 = Release|x64
		Release|x86 = Release|x86
	EndGlobalSection
	GlobalSection(ProjectConfigurationPlatforms) = postSolution
		{830C78F3-1B8C-49C8-B4A5-BF823E7703B6}.Debug|Any CPU.ActiveCfg = Debug|Any CPU
		{830C78F3-1B8C-49C8-B4A5-BF823E7703B6}.Debug|Any CPU.Build.0 = Debug|Any CPU
		{830C78F3-1B8C-49C8-B4A5-BF823E7703B6}.Debug|ARM.ActiveCfg = Debug|Any CPU
		{830C78F3-1B8C-49C8-B4A5-BF823E7703B6}.Debug|ARM.Build.0 = Debug|Any CPU
		{830C78F3-1B8C-49C8-B4A5-BF823E7703B6}.Debug|x64.ActiveCfg = Debug|Any CPU
		{830C78F3-1B8C-49C8-B4A5-BF823E7703B6}.Debug|x64.Build.0 = Debug|Any CPU
		{830C78F3-1B8C-49C8-B4A5-BF823E7703B6}.Debug|x86.ActiveCfg = Debug|Any CPU
		{830C78F3-1B8C-49C8-B4A5-BF823E7703B6}.Debug|x86.Build.0 = Debug|Any CPU
		{830C78F3-1B8C-49C8-B4A5-BF823E7703B6}.Release|Any CPU.ActiveCfg = Release|Any CPU
		{830C78F3-1B8C-49C8-B4A5-BF823E7703B6}.Release|Any CPU.Build.0 = Release|Any CPU
		{830C78F3-1B8C-49C8-B4A5-BF823E7703B6}.Release|ARM.ActiveCfg = Release|Any CPU
		{830C78F3-1B8C-49C8-B4A5-BF823E7703B6}.Release|ARM.Build.0 = Release|Any CPU
		{830C78F3-1B8C-49C8-B4A5-BF823E7703B6}.Release|x64.ActiveCfg = Release|Any CPU
		{830C78F3-1B8C-49C8-B4A5-BF823E7703B6}.Release|x64.Build.0 = Release|Any CPU
		{830C78F3-1B8C-49C8-B4A5-BF823E7703B6}.Release|x86.ActiveCfg = Release|Any CPU
		{830C78F3-1B8C-49C8-B4A5-BF823E7703B6}.Release|x86.Build.0 = Release|Any CPU
		{69285C33-383A-4425-859D-904C1C89FA08}.Debug|Any CPU.ActiveCfg = Debug|Any CPU
		{69285C33-383A-4425-859D-904C1C89FA08}.Debug|Any CPU.Build.0 = Debug|Any CPU
		{69285C33-383A-4425-859D-904C1C89FA08}.Debug|ARM.ActiveCfg = Debug|Any CPU
		{69285C33-383A-4425-859D-904C1C89FA08}.Debug|ARM.Build.0 = Debug|Any CPU
		{69285C33-383A-4425-859D-904C1C89FA08}.Debug|x64.ActiveCfg = Debug|Any CPU
		{69285C33-383A-4425-859D-904C1C89FA08}.Debug|x64.Build.0 = Debug|Any CPU
		{69285C33-383A-4425-859D-904C1C89FA08}.Debug|x86.ActiveCfg = Debug|Any CPU
		{69285C33-383A-4425-859D-904C1C89FA08}.Debug|x86.Build.0 = Debug|Any CPU
		{69285C33-383A-4425-859D-904C1C89FA08}.Release|Any CPU.ActiveCfg = Release|Any CPU
		{69285C33-383A-4425-859D-904C1C89FA08}.Release|Any CPU.Build.0 = Release|Any CPU
		{69285C33-383A-4425-859D-904C1C89FA08}.Release|ARM.ActiveCfg = Release|Any CPU
		{69285C33-383A-4425-859D-904C1C89FA08}.Release|ARM.Build.0 = Release|Any CPU
		{69285C33-383A-4425-859D-904C1C89FA08}.Release|x64.ActiveCfg = Release|Any CPU
		{69285C33-383A-4425-859D-904C1C89FA08}.Release|x64.Build.0 = Release|Any CPU
		{69285C33-383A-4425-859D-904C1C89FA08}.Release|x86.ActiveCfg = Release|Any CPU
		{69285C33-383A-4425-859D-904C1C89FA08}.Release|x86.Build.0 = Release|Any CPU
		{89AC2DC9-289D-4ACA-B213-A3AAC804B11D}.Debug|Any CPU.ActiveCfg = Debug|Any CPU
		{89AC2DC9-289D-4ACA-B213-A3AAC804B11D}.Debug|Any CPU.Build.0 = Debug|Any CPU
		{89AC2DC9-289D-4ACA-B213-A3AAC804B11D}.Debug|ARM.ActiveCfg = Debug|Any CPU
		{89AC2DC9-289D-4ACA-B213-A3AAC804B11D}.Debug|ARM.Build.0 = Debug|Any CPU
		{89AC2DC9-289D-4ACA-B213-A3AAC804B11D}.Debug|x64.ActiveCfg = Debug|Any CPU
		{89AC2DC9-289D-4ACA-B213-A3AAC804B11D}.Debug|x64.Build.0 = Debug|Any CPU
		{89AC2DC9-289D-4ACA-B213-A3AAC804B11D}.Debug|x86.ActiveCfg = Debug|Any CPU
		{89AC2DC9-289D-4ACA-B213-A3AAC804B11D}.Debug|x86.Build.0 = Debug|Any CPU
		{89AC2DC9-289D-4ACA-B213-A3AAC804B11D}.Release|Any CPU.ActiveCfg = Release|Any CPU
		{89AC2DC9-289D-4ACA-B213-A3AAC804B11D}.Release|Any CPU.Build.0 = Release|Any CPU
		{89AC2DC9-289D-4ACA-B213-A3AAC804B11D}.Release|ARM.ActiveCfg = Release|Any CPU
		{89AC2DC9-289D-4ACA-B213-A3AAC804B11D}.Release|ARM.Build.0 = Release|Any CPU
		{89AC2DC9-289D-4ACA-B213-A3AAC804B11D}.Release|x64.ActiveCfg = Release|Any CPU
		{89AC2DC9-289D-4ACA-B213-A3AAC804B11D}.Release|x64.Build.0 = Release|Any CPU
		{89AC2DC9-289D-4ACA-B213-A3AAC804B11D}.Release|x86.ActiveCfg = Release|Any CPU
		{89AC2DC9-289D-4ACA-B213-A3AAC804B11D}.Release|x86.Build.0 = Release|Any CPU
	EndGlobalSection
	GlobalSection(SolutionProperties) = preSolution
		HideSolutionNode = FALSE
	EndGlobalSection
EndGlobal
